
Microsoft Visual Studio Solution File, Format Version 12.00
# Visual Studio Version 16
VisualStudioVersion = 16.0.32106.194
MinimumVisualStudioVersion = 10.0.40219.1
Project("{FAE04EC0-301F-11D3-BF4B-00C04F79EFBC}") = "ReportGenerator_tests", "CivilTechReportGenerator\ReportGenerator_tests.csproj", "{6231CF70-2675-41BA-89FD-F8D1D412145E}"
EndProject
Project("{FAE04EC0-301F-11D3-BF4B-00C04F79EFBC}") = "ReportGenerator", "ReportGenerator\ReportGenerator.csproj", "{BCC47BF2-AA12-49EA-B3B8-238C4029572B}"
EndProject
Project("{2150E333-8FDC-42A3-9474-1A3956D46DE8}") = "Solution Items", "Solution Items", "{E2E912CF-FEF3-4311-BB52-FCA9B31903EF}"
	ProjectSection(SolutionItems) = preProject
		Readme.txt = Readme.txt
	EndProjectSection
EndProject
Global
	GlobalSection(SolutionConfigurationPlatforms) = preSolution
		Debug|Any CPU = Debug|Any CPU
		Release|Any CPU = Release|Any CPU
	EndGlobalSection
	GlobalSection(ProjectConfigurationPlatforms) = postSolution
		{6231CF70-2675-41BA-89FD-F8D1D412145E}.Debug|Any CPU.ActiveCfg = Debug|Any CPU
		{6231CF70-2675-41BA-89FD-F8D1D412145E}.Debug|Any CPU.Build.0 = Debug|Any CPU
		{6231CF70-2675-41BA-89FD-F8D1D412145E}.Release|Any CPU.ActiveCfg = Release|Any CPU
		{6231CF70-2675-41BA-89FD-F8D1D412145E}.Release|Any CPU.Build.0 = Release|Any CPU
		{BCC47BF2-AA12-49EA-B3B8-238C4029572B}.Debug|Any CPU.ActiveCfg = Debug|Any CPU
		{BCC47BF2-AA12-49EA-B3B8-238C4029572B}.Debug|Any CPU.Build.0 = Debug|Any CPU
		{BCC47BF2-AA12-49EA-B3B8-238C4029572B}.Release|Any CPU.ActiveCfg = Release|Any CPU
		{BCC47BF2-AA12-49EA-B3B8-238C4029572B}.Release|Any CPU.Build.0 = Release|Any CPU
	EndGlobalSection
	GlobalSection(SolutionProperties) = preSolution
		HideSolutionNode = FALSE
	EndGlobalSection
	GlobalSection(ExtensibilityGlobals) = postSolution
		SolutionGuid = {B6D8DEF6-7067-41F7-8D35-80A85294FBFC}
	EndGlobalSection
EndGlobal
